PODS:
  - Google-Mobile-Ads-SDK (7.33.1)

DEPENDENCIES:
  - Google-Mobile-Ads-SDK

SPEC REPOS:
  https://github.com/cocoapods/specs.git:
    - Google-Mobile-Ads-SDK

SPEC CHECKSUMS:
  Google-Mobile-Ads-SDK: 71c6d3e8d8f52673fa5a83fc0d027623b11fde16

PODFILE CHECKSUM: c899e459af743d26bf9751f469cfd60d29862a77

COCOAPODS: 1.5.3
